
Microsoft Visual Studio Solution File, Format Version 12.00
# Visual Studio Version 17
VisualStudioVersion = 17.4.33205.214
MinimumVisualStudioVersion = 10.0.40219.1
Project("{FAE04EC0-301F-11D3-BF4B-00C04F79EFBC}") = "SOLID", "Solid\SOLID.csproj", "{EB747846-CD90-43CF-A7E1-9F9E54A0DC0E}"
EndProject
Global
	GlobalSection(SolutionConfigurationPlatforms) = preSolution
		Debug|Any CPU = Debug|Any CPU
		Release|Any CPU = Release|Any CPU
	EndGlobalSection
	GlobalSection(ProjectConfigurationPlatforms) = postSolution
		{EB747846-CD90-43CF-A7E1-9F9E54A0DC0E}.Debug|Any CPU.ActiveCfg = Debug|Any CPU
		{EB747846-CD90-43CF-A7E1-9F9E54A0DC0E}.Debug|Any CPU.Build.0 = Debug|Any CPU
		{EB747846-CD90-43CF-A7E1-9F9E54A0DC0E}.Release|Any CPU.ActiveCfg = Release|Any CPU
		{EB747846-CD90-43CF-A7E1-9F9E54A0DC0E}.Release|Any CPU.Build.0 = Release|Any CPU
	EndGlobalSection
	GlobalSection(SolutionProperties) = preSolution
		HideSolutionNode = FALSE
	EndGlobalSection
	GlobalSection(ExtensibilityGlobals) = postSolution
		SolutionGuid = {6DBCF41F-74D8-4D75-986A-AE6490E26B09}
	EndGlobalSection
EndGlobal
